
Microsoft Visual Studio Solution File, Format Version 12.00
# Visual Studio Version 17
VisualStudioVersion = 17.0.31903.59
MinimumVisualStudioVersion = 10.0.40219.1
Project("{2150E333-8FDC-42A3-9474-1A3956D46DE8}") = "src", "src", "{73685067-88A4-4F61-BA87-1F8B512B2E2A}"
EndProject
Project("{FAE04EC0-301F-11D3-BF4B-00C04F79EFBC}") = "Library", "src\Library\Library.csproj", "{67CDAB20-9BBA-449E-82F4-E0751A515B15}"
EndProject
Project("{FAE04EC0-301F-11D3-BF4B-00C04F79EFBC}") = "Program", "src\Program\Program.csproj", "{12C553ED-7E9F-4E18-9D1A-7E06DD568DAA}"
EndProject
Project("{2150E333-8FDC-42A3-9474-1A3956D46DE8}") = "test", "test", "{7433A595-4FCA-45E6-A042-69F5F4B45815}"
EndProject
Project("{FAE04EC0-301F-11D3-BF4B-00C04F79EFBC}") = "Library.Tests", "test\Library.Tests\Library.Tests.csproj", "{9F6A8A84-0DD7-4B3B-BDC7-E751E69D6FDE}"
EndProject
Global
	GlobalSection(SolutionConfigurationPlatforms) = preSolution
		Debug|Any CPU = Debug|Any CPU
		Release|Any CPU = Release|Any CPU
	EndGlobalSection
	GlobalSection(SolutionProperties) = preSolution
		HideSolutionNode = FALSE
	EndGlobalSection
	GlobalSection(ProjectConfigurationPlatforms) = postSolution
		{67CDAB20-9BBA-449E-82F4-E0751A515B15}.Debug|Any CPU.ActiveCfg = Debug|Any CPU
		{67CDAB20-9BBA-449E-82F4-E0751A515B15}.Debug|Any CPU.Build.0 = Debug|Any CPU
		{67CDAB20-9BBA-449E-82F4-E0751A515B15}.Release|Any CPU.ActiveCfg = Release|Any CPU
		{67CDAB20-9BBA-449E-82F4-E0751A515B15}.Release|Any CPU.Build.0 = Release|Any CPU
		{12C553ED-7E9F-4E18-9D1A-7E06DD568DAA}.Debug|Any CPU.ActiveCfg = Debug|Any CPU
		{12C553ED-7E9F-4E18-9D1A-7E06DD568DAA}.Debug|Any CPU.Build.0 = Debug|Any CPU
		{12C553ED-7E9F-4E18-9D1A-7E06DD568DAA}.Release|Any CPU.ActiveCfg = Release|Any CPU
		{12C553ED-7E9F-4E18-9D1A-7E06DD568DAA}.Release|Any CPU.Build.0 = Release|Any CPU
		{9F6A8A84-0DD7-4B3B-BDC7-E751E69D6FDE}.Debug|Any CPU.ActiveCfg = Debug|Any CPU
		{9F6A8A84-0DD7-4B3B-BDC7-E751E69D6FDE}.Debug|Any CPU.Build.0 = Debug|Any CPU
		{9F6A8A84-0DD7-4B3B-BDC7-E751E69D6FDE}.Release|Any CPU.ActiveCfg = Release|Any CPU
		{9F6A8A84-0DD7-4B3B-BDC7-E751E69D6FDE}.Release|Any CPU.Build.0 = Release|Any CPU
	EndGlobalSection
	GlobalSection(NestedProjects) = preSolution
		{67CDAB20-9BBA-449E-82F4-E0751A515B15} = {73685067-88A4-4F61-BA87-1F8B512B2E2A}
		{12C553ED-7E9F-4E18-9D1A-7E06DD568DAA} = {73685067-88A4-4F61-BA87-1F8B512B2E2A}
		{9F6A8A84-0DD7-4B3B-BDC7-E751E69D6FDE} = {7433A595-4FCA-45E6-A042-69F5F4B45815}
	EndGlobalSection
EndGlobal
